
Microsoft Visual Studio Solution File, Format Version 12.00
# Visual Studio Version 18
VisualStudioVersion = 18.0.11222.15 d18.0
MinimumVisualStudioVersion = 10.0.40219.1
Project("{2150E333-8FDC-42A3-9474-1A3956D46DE8}") = "Solution Items", "Solution Items", "{340C3BD6-6951-4224-8E35-49D2C67A2680}"
	ProjectSection(SolutionItems) = preProject
		common.props = common.props
		EcngAssemblyInfo.cs = EcngAssemblyInfo.cs
	EndProjectSection
EndProject
Project("{9A19103F-16F7-4668-BE54-9A1E7A4F7556}") = "Common", "Common\Common.csproj", "{725D5260-8208-4A39-843A-6B58606ED73B}"
EndProject
Project("{9A19103F-16F7-4668-BE54-9A1E7A4F7556}") = "Collections", "Collections\Collections.csproj", "{62A4ADD9-9D89-48E6-984B-73BF023D7E50}"
EndProject
Project("{9A19103F-16F7-4668-BE54-9A1E7A4F7556}") = "ComponentModel", "ComponentModel\ComponentModel.csproj", "{BCDDCE14-3697-4210-AE13-B820E4F9AE7C}"
EndProject
Project("{9A19103F-16F7-4668-BE54-9A1E7A4F7556}") = "Configuration", "Configuration\Configuration.csproj", "{ADB49E73-0103-44A8-8BA0-D43A351D23C7}"
EndProject
Project("{9A19103F-16F7-4668-BE54-9A1E7A4F7556}") = "Interop", "Interop\Interop.csproj", "{6EACA7CE-0269-47A2-AE6A-3669738EE303}"
EndProject
Project("{9A19103F-16F7-4668-BE54-9A1E7A4F7556}") = "Reflection", "Reflection\Reflection.csproj", "{A30F5B45-E04B-41D0-B304-ABC1755BF23A}"
EndProject
Project("{9A19103F-16F7-4668-BE54-9A1E7A4F7556}") = "Security", "Security\Security.csproj", "{F99E753E-C8C8-4753-BA95-E656AAE55786}"
EndProject
Project("{9A19103F-16F7-4668-BE54-9A1E7A4F7556}") = "Serialization", "Serialization\Serialization.csproj", "{408006C6-A8EB-43F8-9D0C-5A519DFF5873}"
EndProject
Project("{9A19103F-16F7-4668-BE54-9A1E7A4F7556}") = "Net", "Net\Net.csproj", "{685A7BF3-5C51-42EA-954F-1DEC176F9DFC}"
EndProject
Project("{9A19103F-16F7-4668-BE54-9A1E7A4F7556}") = "UnitTesting", "UnitTesting\UnitTesting.csproj", "{38C67615-BE2E-461E-BBED-5217F6DC0AFE}"
EndProject
Project("{9A19103F-16F7-4668-BE54-9A1E7A4F7556}") = "Backup", "Backup\Backup.csproj", "{A0809B1A-FF83-4DDF-9186-A9BD4D410FE8}"
EndProject
Project("{9A19103F-16F7-4668-BE54-9A1E7A4F7556}") = "Backup.AWS", "Backup.AWS\Backup.AWS.csproj", "{4EC489C3-7846-4100-A871-4A6045CA41FF}"
EndProject
Project("{9A19103F-16F7-4668-BE54-9A1E7A4F7556}") = "Net.SocketIO", "Net.SocketIO\Net.SocketIO.csproj", "{B79EC630-2FAB-42B9-89BA-4886C1942E96}"
EndProject
Project("{9A19103F-16F7-4668-BE54-9A1E7A4F7556}") = "IO", "IO\IO.csproj", "{4E2D9D8A-6E5A-4482-96F6-2544DE6611B9}"
EndProject
Project("{9A19103F-16F7-4668-BE54-9A1E7A4F7556}") = "Interop.Windows", "Interop.Windows\Interop.Windows.csproj", "{E07110B3-2D56-474D-9668-7A4488774F33}"
EndProject
Project("{9A19103F-16F7-4668-BE54-9A1E7A4F7556}") = "Lzma", "Lzma\Lzma.csproj", "{69A43571-F70F-472C-9E03-48450476156B}"
EndProject
Project("{9A19103F-16F7-4668-BE54-9A1E7A4F7556}") = "StringSearch", "StringSearch\StringSearch.csproj", "{337D3CF8-08C6-4453-AB76-2A16B2742292}"
EndProject
Project("{9A19103F-16F7-4668-BE54-9A1E7A4F7556}") = "Tests", "Tests\Tests.csproj", "{43DCD61B-E735-442E-85F4-B5D5BE199DD2}"
EndProject
Project("{9A19103F-16F7-4668-BE54-9A1E7A4F7556}") = "Data", "Data\Data.csproj", "{0F5D95EF-F816-447A-B517-DD8E1DA6987F}"
EndProject
Project("{9A19103F-16F7-4668-BE54-9A1E7A4F7556}") = "SmartFormat", "SmartFormat\SmartFormat.csproj", "{7359993E-F2D2-4599-B861-F5136E48D8F3}"
EndProject
Project("{9A19103F-16F7-4668-BE54-9A1E7A4F7556}") = "Drawing", "Drawing\Drawing.csproj", "{740C5C88-7C14-4B3F-BD93-3AD8A7FCF687}"
EndProject
Project("{9A19103F-16F7-4668-BE54-9A1E7A4F7556}") = "Compilation", "Compilation\Compilation.csproj", "{375E166E-325A-4EBE-85FC-0D319E6784C0}"
EndProject
Project("{9A19103F-16F7-4668-BE54-9A1E7A4F7556}") = "Linq", "Linq\Linq.csproj", "{37AFC401-F01C-4D4F-8129-7ECED0E67122}"
EndProject
Project("{9A19103F-16F7-4668-BE54-9A1E7A4F7556}") = "Nuget", "Nuget\Nuget.csproj", "{45C5AEFF-26EE-4B4D-B758-C717B914351D}"
EndProject
Project("{9A19103F-16F7-4668-BE54-9A1E7A4F7556}") = "Backup.Yandex", "Backup.Yandex\Backup.Yandex.csproj", "{96D8E6D9-4744-4CA1-9000-24C0F80C5DDC}"
EndProject
Project("{9A19103F-16F7-4668-BE54-9A1E7A4F7556}") = "Data.Linq2db", "Data.Linq2db\Data.Linq2db.csproj", "{CB828F77-50EB-4BB9-87F3-A8C740213B26}"
EndProject
Project("{9A19103F-16F7-4668-BE54-9A1E7A4F7556}") = "Compilation.Roslyn", "Compilation.Roslyn\Compilation.Roslyn.csproj", "{78884141-5A63-4EAE-81A4-512FBD2195C5}"
EndProject
Project("{9A19103F-16F7-4668-BE54-9A1E7A4F7556}") = "Net.Clients", "Net.Clients\Net.Clients.csproj", "{D0D7ACCA-456B-4C43-B8FC-647C2FF603C1}"
EndProject
Project("{9A19103F-16F7-4668-BE54-9A1E7A4F7556}") = "MathLight", "MathLight\MathLight.csproj", "{25071A90-4CAA-4CD3-BC62-3C975D82F413}"
EndProject
Project("{9A19103F-16F7-4668-BE54-9A1E7A4F7556}") = "Backup.Mega", "Backup.Mega\Backup.Mega.csproj", "{6202135C-F945-4047-828B-284E1E00BBEA}"
EndProject
Project("{9A19103F-16F7-4668-BE54-9A1E7A4F7556}") = "Backup.Azure", "Backup.Azure\Backup.Azure.csproj", "{4C6BB5E0-80DA-4104-94D5-B23F4F9DC777}"
EndProject
Project("{9A19103F-16F7-4668-BE54-9A1E7A4F7556}") = "YandexDisk.Client", "YandexDisk.Client\YandexDisk.Client.csproj", "{5BA2E8AB-3569-4780-BDC6-7920B93A770D}"
EndProject
Project("{9A19103F-16F7-4668-BE54-9A1E7A4F7556}") = "Compilation.FSharp", "Compilation.FSharp\Compilation.FSharp.csproj", "{0EAAABD6-AA1D-4863-9EB9-335A325096CD}"
EndProject
Project("{9A19103F-16F7-4668-BE54-9A1E7A4F7556}") = "Compilation.Python", "Compilation.Python\Compilation.Python.csproj", "{EDD56934-A96C-4963-A599-B885677D6C3C}"
EndProject
Project("{9A19103F-16F7-4668-BE54-9A1E7A4F7556}") = "Logging", "Logging\Logging.csproj", "{C4476ADD-A3D5-41BB-9D43-55D865863B78}"
EndProject
Project("{9A19103F-16F7-4668-BE54-9A1E7A4F7556}") = "Server.Utils", "Server.Utils\Server.Utils.csproj", "{3C29E094-0AA7-4CDA-ABD1-A684E8676A10}"
EndProject
Project("{9A19103F-16F7-4668-BE54-9A1E7A4F7556}") = "Localization", "Localization\Localization.csproj", "{67E1B2C9-483E-4E8D-9617-C4AF7DC1EDC3}"
EndProject
Project("{FAE04EC0-301F-11D3-BF4B-00C04F79EFBC}") = "Licensing", "Licensing\Licensing.csproj", "{CEA3EEAD-CD18-C58A-74C5-9E1AD56D6E8F}"
EndProject
Project("{FAE04EC0-301F-11D3-BF4B-00C04F79EFBC}") = "Tests.Windows", "Tests.Windows\Tests.Windows.csproj", "{FF361E65-8CF8-EE25-ABE9-2BE6D7B5D712}"
EndProject
Global
	GlobalSection(SolutionConfigurationPlatforms) = preSolution
		Debug|Any CPU = Debug|Any CPU
		Release|Any CPU = Release|Any CPU
	EndGlobalSection
	GlobalSection(ProjectConfigurationPlatforms) = postSolution
		{725D5260-8208-4A39-843A-6B58606ED73B}.Debug|Any CPU.ActiveCfg = Debug|Any CPU
		{725D5260-8208-4A39-843A-6B58606ED73B}.Debug|Any CPU.Build.0 = Debug|Any CPU
		{725D5260-8208-4A39-843A-6B58606ED73B}.Release|Any CPU.ActiveCfg = Release|Any CPU
		{725D5260-8208-4A39-843A-6B58606ED73B}.Release|Any CPU.Build.0 = Release|Any CPU
		{62A4ADD9-9D89-48E6-984B-73BF023D7E50}.Debug|Any CPU.ActiveCfg = Debug|Any CPU
		{62A4ADD9-9D89-48E6-984B-73BF023D7E50}.Debug|Any CPU.Build.0 = Debug|Any CPU
		{62A4ADD9-9D89-48E6-984B-73BF023D7E50}.Release|Any CPU.ActiveCfg = Release|Any CPU
		{62A4ADD9-9D89-48E6-984B-73BF023D7E50}.Release|Any CPU.Build.0 = Release|Any CPU
		{BCDDCE14-3697-4210-AE13-B820E4F9AE7C}.Debug|Any CPU.ActiveCfg = Debug|Any CPU
		{BCDDCE14-3697-4210-AE13-B820E4F9AE7C}.Debug|Any CPU.Build.0 = Debug|Any CPU
		{BCDDCE14-3697-4210-AE13-B820E4F9AE7C}.Release|Any CPU.ActiveCfg = Release|Any CPU
		{BCDDCE14-3697-4210-AE13-B820E4F9AE7C}.Release|Any CPU.Build.0 = Release|Any CPU
		{ADB49E73-0103-44A8-8BA0-D43A351D23C7}.Debug|Any CPU.ActiveCfg = Debug|Any CPU
		{ADB49E73-0103-44A8-8BA0-D43A351D23C7}.Debug|Any CPU.Build.0 = Debug|Any CPU
		{ADB49E73-0103-44A8-8BA0-D43A351D23C7}.Release|Any CPU.ActiveCfg = Release|Any CPU
		{ADB49E73-0103-44A8-8BA0-D43A351D23C7}.Release|Any CPU.Build.0 = Release|Any CPU
		{6EACA7CE-0269-47A2-AE6A-3669738EE303}.Debug|Any CPU.ActiveCfg = Debug|Any CPU
		{6EACA7CE-0269-47A2-AE6A-3669738EE303}.Debug|Any CPU.Build.0 = Debug|Any CPU
		{6EACA7CE-0269-47A2-AE6A-3669738EE303}.Release|Any CPU.ActiveCfg = Release|Any CPU
		{6EACA7CE-0269-47A2-AE6A-3669738EE303}.Release|Any CPU.Build.0 = Release|Any CPU
		{A30F5B45-E04B-41D0-B304-ABC1755BF23A}.Debug|Any CPU.ActiveCfg = Debug|Any CPU
		{A30F5B45-E04B-41D0-B304-ABC1755BF23A}.Debug|Any CPU.Build.0 = Debug|Any CPU
		{A30F5B45-E04B-41D0-B304-ABC1755BF23A}.Release|Any CPU.ActiveCfg = Release|Any CPU
		{A30F5B45-E04B-41D0-B304-ABC1755BF23A}.Release|Any CPU.Build.0 = Release|Any CPU
		{F99E753E-C8C8-4753-BA95-E656AAE55786}.Debug|Any CPU.ActiveCfg = Debug|Any CPU
		{F99E753E-C8C8-4753-BA95-E656AAE55786}.Debug|Any CPU.Build.0 = Debug|Any CPU
		{F99E753E-C8C8-4753-BA95-E656AAE55786}.Release|Any CPU.ActiveCfg = Release|Any CPU
		{F99E753E-C8C8-4753-BA95-E656AAE55786}.Release|Any CPU.Build.0 = Release|Any CPU
		{408006C6-A8EB-43F8-9D0C-5A519DFF5873}.Debug|Any CPU.ActiveCfg = Debug|Any CPU
		{408006C6-A8EB-43F8-9D0C-5A519DFF5873}.Debug|Any CPU.Build.0 = Debug|Any CPU
		{408006C6-A8EB-43F8-9D0C-5A519DFF5873}.Release|Any CPU.ActiveCfg = Release|Any CPU
		{408006C6-A8EB-43F8-9D0C-5A519DFF5873}.Release|Any CPU.Build.0 = Release|Any CPU
		{685A7BF3-5C51-42EA-954F-1DEC176F9DFC}.Debug|Any CPU.ActiveCfg = Debug|Any CPU
		{685A7BF3-5C51-42EA-954F-1DEC176F9DFC}.Debug|Any CPU.Build.0 = Debug|Any CPU
		{685A7BF3-5C51-42EA-954F-1DEC176F9DFC}.Release|Any CPU.ActiveCfg = Release|Any CPU
		{685A7BF3-5C51-42EA-954F-1DEC176F9DFC}.Release|Any CPU.Build.0 = Release|Any CPU
		{38C67615-BE2E-461E-BBED-5217F6DC0AFE}.Debug|Any CPU.ActiveCfg = Debug|Any CPU
		{38C67615-BE2E-461E-BBED-5217F6DC0AFE}.Debug|Any CPU.Build.0 = Debug|Any CPU
		{38C67615-BE2E-461E-BBED-5217F6DC0AFE}.Release|Any CPU.ActiveCfg = Release|Any CPU
		{38C67615-BE2E-461E-BBED-5217F6DC0AFE}.Release|Any CPU.Build.0 = Release|Any CPU
		{A0809B1A-FF83-4DDF-9186-A9BD4D410FE8}.Debug|Any CPU.ActiveCfg = Debug|Any CPU
		{A0809B1A-FF83-4DDF-9186-A9BD4D410FE8}.Debug|Any CPU.Build.0 = Debug|Any CPU
		{A0809B1A-FF83-4DDF-9186-A9BD4D410FE8}.Release|Any CPU.ActiveCfg = Release|Any CPU
		{A0809B1A-FF83-4DDF-9186-A9BD4D410FE8}.Release|Any CPU.Build.0 = Release|Any CPU
		{4EC489C3-7846-4100-A871-4A6045CA41FF}.Debug|Any CPU.ActiveCfg = Debug|Any CPU
		{4EC489C3-7846-4100-A871-4A6045CA41FF}.Debug|Any CPU.Build.0 = Debug|Any CPU
		{4EC489C3-7846-4100-A871-4A6045CA41FF}.Release|Any CPU.ActiveCfg = Release|Any CPU
		{4EC489C3-7846-4100-A871-4A6045CA41FF}.Release|Any CPU.Build.0 = Release|Any CPU
		{B79EC630-2FAB-42B9-89BA-4886C1942E96}.Debug|Any CPU.ActiveCfg = Debug|Any CPU
		{B79EC630-2FAB-42B9-89BA-4886C1942E96}.Debug|Any CPU.Build.0 = Debug|Any CPU
		{B79EC630-2FAB-42B9-89BA-4886C1942E96}.Release|Any CPU.ActiveCfg = Release|Any CPU
		{B79EC630-2FAB-42B9-89BA-4886C1942E96}.Release|Any CPU.Build.0 = Release|Any CPU
		{4E2D9D8A-6E5A-4482-96F6-2544DE6611B9}.Debug|Any CPU.ActiveCfg = Debug|Any CPU
		{4E2D9D8A-6E5A-4482-96F6-2544DE6611B9}.Debug|Any CPU.Build.0 = Debug|Any CPU
		{4E2D9D8A-6E5A-4482-96F6-2544DE6611B9}.Release|Any CPU.ActiveCfg = Release|Any CPU
		{4E2D9D8A-6E5A-4482-96F6-2544DE6611B9}.Release|Any CPU.Build.0 = Release|Any CPU
		{E07110B3-2D56-474D-9668-7A4488774F33}.Debug|Any CPU.ActiveCfg = Debug|Any CPU
		{E07110B3-2D56-474D-9668-7A4488774F33}.Debug|Any CPU.Build.0 = Debug|Any CPU
		{E07110B3-2D56-474D-9668-7A4488774F33}.Release|Any CPU.ActiveCfg = Release|Any CPU
		{E07110B3-2D56-474D-9668-7A4488774F33}.Release|Any CPU.Build.0 = Release|Any CPU
		{69A43571-F70F-472C-9E03-48450476156B}.Debug|Any CPU.ActiveCfg = Debug|Any CPU
		{69A43571-F70F-472C-9E03-48450476156B}.Debug|Any CPU.Build.0 = Debug|Any CPU
		{69A43571-F70F-472C-9E03-48450476156B}.Release|Any CPU.ActiveCfg = Release|Any CPU
		{69A43571-F70F-472C-9E03-48450476156B}.Release|Any CPU.Build.0 = Release|Any CPU
		{337D3CF8-08C6-4453-AB76-2A16B2742292}.Debug|Any CPU.ActiveCfg = Debug|Any CPU
		{337D3CF8-08C6-4453-AB76-2A16B2742292}.Debug|Any CPU.Build.0 = Debug|Any CPU
		{337D3CF8-08C6-4453-AB76-2A16B2742292}.Release|Any CPU.ActiveCfg = Release|Any CPU
		{337D3CF8-08C6-4453-AB76-2A16B2742292}.Release|Any CPU.Build.0 = Release|Any CPU
		{43DCD61B-E735-442E-85F4-B5D5BE199DD2}.Debug|Any CPU.ActiveCfg = Debug|Any CPU
		{43DCD61B-E735-442E-85F4-B5D5BE199DD2}.Debug|Any CPU.Build.0 = Debug|Any CPU
		{43DCD61B-E735-442E-85F4-B5D5BE199DD2}.Release|Any CPU.ActiveCfg = Release|Any CPU
		{43DCD61B-E735-442E-85F4-B5D5BE199DD2}.Release|Any CPU.Build.0 = Release|Any CPU
		{0F5D95EF-F816-447A-B517-DD8E1DA6987F}.Debug|Any CPU.ActiveCfg = Debug|Any CPU
		{0F5D95EF-F816-447A-B517-DD8E1DA6987F}.Debug|Any CPU.Build.0 = Debug|Any CPU
		{0F5D95EF-F816-447A-B517-DD8E1DA6987F}.Release|Any CPU.ActiveCfg = Release|Any CPU
		{0F5D95EF-F816-447A-B517-DD8E1DA6987F}.Release|Any CPU.Build.0 = Release|Any CPU
		{7359993E-F2D2-4599-B861-F5136E48D8F3}.Debug|Any CPU.ActiveCfg = Debug|Any CPU
		{7359993E-F2D2-4599-B861-F5136E48D8F3}.Debug|Any CPU.Build.0 = Debug|Any CPU
		{7359993E-F2D2-4599-B861-F5136E48D8F3}.Release|Any CPU.ActiveCfg = Release|Any CPU
		{7359993E-F2D2-4599-B861-F5136E48D8F3}.Release|Any CPU.Build.0 = Release|Any CPU
		{740C5C88-7C14-4B3F-BD93-3AD8A7FCF687}.Debug|Any CPU.ActiveCfg = Debug|Any CPU
		{740C5C88-7C14-4B3F-BD93-3AD8A7FCF687}.Debug|Any CPU.Build.0 = Debug|Any CPU
		{740C5C88-7C14-4B3F-BD93-3AD8A7FCF687}.Release|Any CPU.ActiveCfg = Release|Any CPU
		{740C5C88-7C14-4B3F-BD93-3AD8A7FCF687}.Release|Any CPU.Build.0 = Release|Any CPU
		{375E166E-325A-4EBE-85FC-0D319E6784C0}.Debug|Any CPU.ActiveCfg = Debug|Any CPU
		{375E166E-325A-4EBE-85FC-0D319E6784C0}.Debug|Any CPU.Build.0 = Debug|Any CPU
		{375E166E-325A-4EBE-85FC-0D319E6784C0}.Release|Any CPU.ActiveCfg = Release|Any CPU
		{375E166E-325A-4EBE-85FC-0D319E6784C0}.Release|Any CPU.Build.0 = Release|Any CPU
		{37AFC401-F01C-4D4F-8129-7ECED0E67122}.Debug|Any CPU.ActiveCfg = Debug|Any CPU
		{37AFC401-F01C-4D4F-8129-7ECED0E67122}.Debug|Any CPU.Build.0 = Debug|Any CPU
		{37AFC401-F01C-4D4F-8129-7ECED0E67122}.Release|Any CPU.ActiveCfg = Release|Any CPU
		{37AFC401-F01C-4D4F-8129-7ECED0E67122}.Release|Any CPU.Build.0 = Release|Any CPU
		{45C5AEFF-26EE-4B4D-B758-C717B914351D}.Debug|Any CPU.ActiveCfg = Debug|Any CPU
		{45C5AEFF-26EE-4B4D-B758-C717B914351D}.Debug|Any CPU.Build.0 = Debug|Any CPU
		{45C5AEFF-26EE-4B4D-B758-C717B914351D}.Release|Any CPU.ActiveCfg = Release|Any CPU
		{45C5AEFF-26EE-4B4D-B758-C717B914351D}.Release|Any CPU.Build.0 = Release|Any CPU
		{96D8E6D9-4744-4CA1-9000-24C0F80C5DDC}.Debug|Any CPU.ActiveCfg = Debug|Any CPU
		{96D8E6D9-4744-4CA1-9000-24C0F80C5DDC}.Debug|Any CPU.Build.0 = Debug|Any CPU
		{96D8E6D9-4744-4CA1-9000-24C0F80C5DDC}.Release|Any CPU.ActiveCfg = Release|Any CPU
		{96D8E6D9-4744-4CA1-9000-24C0F80C5DDC}.Release|Any CPU.Build.0 = Release|Any CPU
		{CB828F77-50EB-4BB9-87F3-A8C740213B26}.Debug|Any CPU.ActiveCfg = Debug|Any CPU
		{CB828F77-50EB-4BB9-87F3-A8C740213B26}.Debug|Any CPU.Build.0 = Debug|Any CPU
		{CB828F77-50EB-4BB9-87F3-A8C740213B26}.Release|Any CPU.ActiveCfg = Release|Any CPU
		{CB828F77-50EB-4BB9-87F3-A8C740213B26}.Release|Any CPU.Build.0 = Release|Any CPU
		{78884141-5A63-4EAE-81A4-512FBD2195C5}.Debug|Any CPU.ActiveCfg = Debug|Any CPU
		{78884141-5A63-4EAE-81A4-512FBD2195C5}.Debug|Any CPU.Build.0 = Debug|Any CPU
		{78884141-5A63-4EAE-81A4-512FBD2195C5}.Release|Any CPU.ActiveCfg = Release|Any CPU
		{78884141-5A63-4EAE-81A4-512FBD2195C5}.Release|Any CPU.Build.0 = Release|Any CPU
		{D0D7ACCA-456B-4C43-B8FC-647C2FF603C1}.Debug|Any CPU.ActiveCfg = Debug|Any CPU
		{D0D7ACCA-456B-4C43-B8FC-647C2FF603C1}.Debug|Any CPU.Build.0 = Debug|Any CPU
		{D0D7ACCA-456B-4C43-B8FC-647C2FF603C1}.Release|Any CPU.ActiveCfg = Release|Any CPU
		{D0D7ACCA-456B-4C43-B8FC-647C2FF603C1}.Release|Any CPU.Build.0 = Release|Any CPU
		{25071A90-4CAA-4CD3-BC62-3C975D82F413}.Debug|Any CPU.ActiveCfg = Debug|Any CPU
		{25071A90-4CAA-4CD3-BC62-3C975D82F413}.Debug|Any CPU.Build.0 = Debug|Any CPU
		{25071A90-4CAA-4CD3-BC62-3C975D82F413}.Release|Any CPU.ActiveCfg = Release|Any CPU
		{25071A90-4CAA-4CD3-BC62-3C975D82F413}.Release|Any CPU.Build.0 = Release|Any CPU
		{6202135C-F945-4047-828B-284E1E00BBEA}.Debug|Any CPU.ActiveCfg = Debug|Any CPU
		{6202135C-F945-4047-828B-284E1E00BBEA}.Debug|Any CPU.Build.0 = Debug|Any CPU
		{6202135C-F945-4047-828B-284E1E00BBEA}.Release|Any CPU.ActiveCfg = Release|Any CPU
		{6202135C-F945-4047-828B-284E1E00BBEA}.Release|Any CPU.Build.0 = Release|Any CPU
		{4C6BB5E0-80DA-4104-94D5-B23F4F9DC777}.Debug|Any CPU.ActiveCfg = Debug|Any CPU
		{4C6BB5E0-80DA-4104-94D5-B23F4F9DC777}.Debug|Any CPU.Build.0 = Debug|Any CPU
		{4C6BB5E0-80DA-4104-94D5-B23F4F9DC777}.Release|Any CPU.ActiveCfg = Release|Any CPU
		{4C6BB5E0-80DA-4104-94D5-B23F4F9DC777}.Release|Any CPU.Build.0 = Release|Any CPU
		{5BA2E8AB-3569-4780-BDC6-7920B93A770D}.Debug|Any CPU.ActiveCfg = Debug|Any CPU
		{5BA2E8AB-3569-4780-BDC6-7920B93A770D}.Debug|Any CPU.Build.0 = Debug|Any CPU
		{5BA2E8AB-3569-4780-BDC6-7920B93A770D}.Release|Any CPU.ActiveCfg = Release|Any CPU
		{5BA2E8AB-3569-4780-BDC6-7920B93A770D}.Release|Any CPU.Build.0 = Release|Any CPU
		{0EAAABD6-AA1D-4863-9EB9-335A325096CD}.Debug|Any CPU.ActiveCfg = Debug|Any CPU
		{0EAAABD6-AA1D-4863-9EB9-335A325096CD}.Debug|Any CPU.Build.0 = Debug|Any CPU
		{0EAAABD6-AA1D-4863-9EB9-335A325096CD}.Release|Any CPU.ActiveCfg = Release|Any CPU
		{0EAAABD6-AA1D-4863-9EB9-335A325096CD}.Release|Any CPU.Build.0 = Release|Any CPU
		{EDD56934-A96C-4963-A599-B885677D6C3C}.Debug|Any CPU.ActiveCfg = Debug|Any CPU
		{EDD56934-A96C-4963-A599-B885677D6C3C}.Debug|Any CPU.Build.0 = Debug|Any CPU
		{EDD56934-A96C-4963-A599-B885677D6C3C}.Release|Any CPU.ActiveCfg = Release|Any CPU
		{EDD56934-A96C-4963-A599-B885677D6C3C}.Release|Any CPU.Build.0 = Release|Any CPU
		{C4476ADD-A3D5-41BB-9D43-55D865863B78}.Debug|Any CPU.ActiveCfg = Debug|Any CPU
		{C4476ADD-A3D5-41BB-9D43-55D865863B78}.Debug|Any CPU.Build.0 = Debug|Any CPU
		{C4476ADD-A3D5-41BB-9D43-55D865863B78}.Release|Any CPU.ActiveCfg = Release|Any CPU
		{C4476ADD-A3D5-41BB-9D43-55D865863B78}.Release|Any CPU.Build.0 = Release|Any CPU
		{3C29E094-0AA7-4CDA-ABD1-A684E8676A10}.Debug|Any CPU.ActiveCfg = Debug|Any CPU
		{3C29E094-0AA7-4CDA-ABD1-A684E8676A10}.Debug|Any CPU.Build.0 = Debug|Any CPU
		{3C29E094-0AA7-4CDA-ABD1-A684E8676A10}.Release|Any CPU.ActiveCfg = Release|Any CPU
		{3C29E094-0AA7-4CDA-ABD1-A684E8676A10}.Release|Any CPU.Build.0 = Release|Any CPU
		{67E1B2C9-483E-4E8D-9617-C4AF7DC1EDC3}.Debug|Any CPU.ActiveCfg = Debug|Any CPU
		{67E1B2C9-483E-4E8D-9617-C4AF7DC1EDC3}.Debug|Any CPU.Build.0 = Debug|Any CPU
		{67E1B2C9-483E-4E8D-9617-C4AF7DC1EDC3}.Release|Any CPU.ActiveCfg = Release|Any CPU
		{67E1B2C9-483E-4E8D-9617-C4AF7DC1EDC3}.Release|Any CPU.Build.0 = Release|Any CPU
		{CEA3EEAD-CD18-C58A-74C5-9E1AD56D6E8F}.Debug|Any CPU.ActiveCfg = Debug|Any CPU
		{CEA3EEAD-CD18-C58A-74C5-9E1AD56D6E8F}.Debug|Any CPU.Build.0 = Debug|Any CPU
		{CEA3EEAD-CD18-C58A-74C5-9E1AD56D6E8F}.Release|Any CPU.ActiveCfg = Release|Any CPU
		{CEA3EEAD-CD18-C58A-74C5-9E1AD56D6E8F}.Release|Any CPU.Build.0 = Release|Any CPU
		{FF361E65-8CF8-EE25-ABE9-2BE6D7B5D712}.Debug|Any CPU.ActiveCfg = Debug|Any CPU
		{FF361E65-8CF8-EE25-ABE9-2BE6D7B5D712}.Debug|Any CPU.Build.0 = Debug|Any CPU
		{FF361E65-8CF8-EE25-ABE9-2BE6D7B5D712}.Release|Any CPU.ActiveCfg = Release|Any CPU
		{FF361E65-8CF8-EE25-ABE9-2BE6D7B5D712}.Release|Any CPU.Build.0 = Release|Any CPU
	EndGlobalSection
	GlobalSection(SolutionProperties) = preSolution
		HideSolutionNode = FALSE
	EndGlobalSection
	GlobalSection(ExtensibilityGlobals) = postSolution
		SolutionGuid = {EB1406AD-3523-43AF-AE9B-F7BD4EAC2F12}
	EndGlobalSection
EndGlobal
