
Microsoft Visual Studio Solution File, Format Version 12.00
# Visual Studio Version 16
VisualStudioVersion = 16.0.29209.62
MinimumVisualStudioVersion = 10.0.40219.1
Project("{2150E333-8FDC-42A3-9474-1A3956D46DE8}") = "Solution Items", "Solution Items", "{340C3BD6-6951-4224-8E35-49D2C67A2680}"
	ProjectSection(SolutionItems) = preProject
		common.props = common.props
		EcngAssemblyInfo.cs = EcngAssemblyInfo.cs
	EndProjectSection
EndProject
Project("{9A19103F-16F7-4668-BE54-9A1E7A4F7556}") = "Common", "Common\Common.csproj", "{725D5260-8208-4A39-843A-6B58606ED73B}"
EndProject
Project("{9A19103F-16F7-4668-BE54-9A1E7A4F7556}") = "Collections", "Collections\Collections.csproj", "{62A4ADD9-9D89-48E6-984B-73BF023D7E50}"
EndProject
Project("{9A19103F-16F7-4668-BE54-9A1E7A4F7556}") = "ComponentModel", "ComponentModel\ComponentModel.csproj", "{BCDDCE14-3697-4210-AE13-B820E4F9AE7C}"
EndProject
Project("{9A19103F-16F7-4668-BE54-9A1E7A4F7556}") = "Configuration", "Configuration\Configuration.csproj", "{ADB49E73-0103-44A8-8BA0-D43A351D23C7}"
EndProject
Project("{9A19103F-16F7-4668-BE54-9A1E7A4F7556}") = "Interop", "Interop\Interop.csproj", "{6EACA7CE-0269-47A2-AE6A-3669738EE303}"
EndProject
Project("{9A19103F-16F7-4668-BE54-9A1E7A4F7556}") = "Localization", "Localization\Localization.csproj", "{5EC44477-9E8C-4425-8F3A-6648D0C38B9D}"
EndProject
Project("{9A19103F-16F7-4668-BE54-9A1E7A4F7556}") = "Reflection", "Reflection\Reflection.csproj", "{A30F5B45-E04B-41D0-B304-ABC1755BF23A}"
EndProject
Project("{9A19103F-16F7-4668-BE54-9A1E7A4F7556}") = "Security", "Security\Security.csproj", "{F99E753E-C8C8-4753-BA95-E656AAE55786}"
EndProject
Project("{9A19103F-16F7-4668-BE54-9A1E7A4F7556}") = "Serialization", "Serialization\Serialization.csproj", "{408006C6-A8EB-43F8-9D0C-5A519DFF5873}"
EndProject
Project("{9A19103F-16F7-4668-BE54-9A1E7A4F7556}") = "Net", "Net\Net.csproj", "{685A7BF3-5C51-42EA-954F-1DEC176F9DFC}"
EndProject
Project("{9A19103F-16F7-4668-BE54-9A1E7A4F7556}") = "UnitTesting", "UnitTesting\UnitTesting.csproj", "{38C67615-BE2E-461E-BBED-5217F6DC0AFE}"
EndProject
Project("{9A19103F-16F7-4668-BE54-9A1E7A4F7556}") = "Backup", "Backup\Backup.csproj", "{A0809B1A-FF83-4DDF-9186-A9BD4D410FE8}"
EndProject
Project("{9A19103F-16F7-4668-BE54-9A1E7A4F7556}") = "Backup.AWS", "Backup.AWS\Backup.AWS.csproj", "{4EC489C3-7846-4100-A871-4A6045CA41FF}"
EndProject
Project("{9A19103F-16F7-4668-BE54-9A1E7A4F7556}") = "Roslyn", "Roslyn\Roslyn.csproj", "{78884141-5A63-4EAE-81A4-512FBD2195C5}"
EndProject
Project("{9A19103F-16F7-4668-BE54-9A1E7A4F7556}") = "Net.SocketIO", "Net.SocketIO\Net.SocketIO.csproj", "{B79EC630-2FAB-42B9-89BA-4886C1942E96}"
EndProject
Project("{9A19103F-16F7-4668-BE54-9A1E7A4F7556}") = "IO", "IO\IO.csproj", "{4E2D9D8A-6E5A-4482-96F6-2544DE6611B9}"
EndProject
Project("{9A19103F-16F7-4668-BE54-9A1E7A4F7556}") = "Interop.Windows", "Interop.Windows\Interop.Windows.csproj", "{E07110B3-2D56-474D-9668-7A4488774F33}"
EndProject
Project("{9A19103F-16F7-4668-BE54-9A1E7A4F7556}") = "Lzma", "Lzma\Lzma.csproj", "{69A43571-F70F-472C-9E03-48450476156B}"
EndProject
Project("{9A19103F-16F7-4668-BE54-9A1E7A4F7556}") = "PowerCollections", "PowerCollections\PowerCollections.csproj", "{CFF0A6C3-90AA-497E-98AC-4602A8595C78}"
EndProject
Project("{9A19103F-16F7-4668-BE54-9A1E7A4F7556}") = "StringSearch", "StringSearch\StringSearch.csproj", "{337D3CF8-08C6-4453-AB76-2A16B2742292}"
EndProject
Project("{9A19103F-16F7-4668-BE54-9A1E7A4F7556}") = "ManagedWinapi", "ManagedWinapi\ManagedWinapi.csproj", "{9416F8F9-9675-4050-B78B-6D8930F780BE}"
EndProject
Project("{9A19103F-16F7-4668-BE54-9A1E7A4F7556}") = "YandexDisk", "YandexDisk\YandexDisk.csproj", "{55ED6439-B69D-4FCB-AF9C-5D790800C930}"
EndProject
Project("{9A19103F-16F7-4668-BE54-9A1E7A4F7556}") = "HtmlRenderer", "HtmlRenderer\HtmlRenderer.csproj", "{D62C14AC-0D49-4CB5-901D-5847DFEEACB8}"
EndProject
Project("{9A19103F-16F7-4668-BE54-9A1E7A4F7556}") = "LibGit2Sharp", "LibGit2Sharp\LibGit2Sharp.csproj", "{AF06F5C5-8E05-4911-AEA7-583031AAE993}"
EndProject
Project("{9A19103F-16F7-4668-BE54-9A1E7A4F7556}") = "Tests", "Tests\Tests.csproj", "{43DCD61B-E735-442E-85F4-B5D5BE199DD2}"
EndProject
Project("{FAE04EC0-301F-11D3-BF4B-00C04F79EFBC}") = "Data", "Data\Data.csproj", "{0F5D95EF-F816-447A-B517-DD8E1DA6987F}"
EndProject
Project("{FAE04EC0-301F-11D3-BF4B-00C04F79EFBC}") = "Net.HPSocket", "Net.HPSocket\HPSocket.Net\Net.HPSocket.csproj", "{766FDE83-5D42-4D6A-9E4D-241D259DD4BB}"
EndProject
Project("{FAE04EC0-301F-11D3-BF4B-00C04F79EFBC}") = "SmartFormat", "SmartFormat\SmartFormat\SmartFormat.csproj", "{7359993E-F2D2-4599-B861-F5136E48D8F3}"
EndProject
Project("{FAE04EC0-301F-11D3-BF4B-00C04F79EFBC}") = "SmartFormat.Tests", "SmartFormat\SmartFormat.Tests\SmartFormat.Tests.csproj", "{84BC791D-31CD-4585-90FE-3A059F053F14}"
EndProject
Project("{9A19103F-16F7-4668-BE54-9A1E7A4F7556}") = "Drawing", "Drawing\Drawing.csproj", "{740C5C88-7C14-4B3F-BD93-3AD8A7FCF687}"
EndProject
Project("{9A19103F-16F7-4668-BE54-9A1E7A4F7556}") = "Compiler", "Compilation\Compilation.csproj", "{375E166E-325A-4EBE-85FC-0D319E6784C0}"
EndProject
Project("{9A19103F-16F7-4668-BE54-9A1E7A4F7556}") = "Linq", "Linq\Linq.csproj", "{37AFC401-F01C-4D4F-8129-7ECED0E67122}"
EndProject
Project("{FAE04EC0-301F-11D3-BF4B-00C04F79EFBC}") = "MessagePipe.Interprocess", "MessagePipe\Interprocess\MessagePipe.Interprocess.csproj", "{290ACCC4-6F13-48EE-BAB7-79C0D2B7EC0E}"
EndProject
Project("{9A19103F-16F7-4668-BE54-9A1E7A4F7556}") = "Nuget", "Nuget\Nuget.csproj", "{45C5AEFF-26EE-4B4D-B758-C717B914351D}"
EndProject
Global
	GlobalSection(SolutionConfigurationPlatforms) = preSolution
		Debug|Any CPU = Debug|Any CPU
		Release|Any CPU = Release|Any CPU
	EndGlobalSection
	GlobalSection(ProjectConfigurationPlatforms) = postSolution
		{725D5260-8208-4A39-843A-6B58606ED73B}.Debug|Any CPU.ActiveCfg = Debug|Any CPU
		{725D5260-8208-4A39-843A-6B58606ED73B}.Debug|Any CPU.Build.0 = Debug|Any CPU
		{725D5260-8208-4A39-843A-6B58606ED73B}.Release|Any CPU.ActiveCfg = Release|Any CPU
		{725D5260-8208-4A39-843A-6B58606ED73B}.Release|Any CPU.Build.0 = Release|Any CPU
		{62A4ADD9-9D89-48E6-984B-73BF023D7E50}.Debug|Any CPU.ActiveCfg = Debug|Any CPU
		{62A4ADD9-9D89-48E6-984B-73BF023D7E50}.Debug|Any CPU.Build.0 = Debug|Any CPU
		{62A4ADD9-9D89-48E6-984B-73BF023D7E50}.Release|Any CPU.ActiveCfg = Release|Any CPU
		{62A4ADD9-9D89-48E6-984B-73BF023D7E50}.Release|Any CPU.Build.0 = Release|Any CPU
		{BCDDCE14-3697-4210-AE13-B820E4F9AE7C}.Debug|Any CPU.ActiveCfg = Debug|Any CPU
		{BCDDCE14-3697-4210-AE13-B820E4F9AE7C}.Debug|Any CPU.Build.0 = Debug|Any CPU
		{BCDDCE14-3697-4210-AE13-B820E4F9AE7C}.Release|Any CPU.ActiveCfg = Release|Any CPU
		{BCDDCE14-3697-4210-AE13-B820E4F9AE7C}.Release|Any CPU.Build.0 = Release|Any CPU
		{ADB49E73-0103-44A8-8BA0-D43A351D23C7}.Debug|Any CPU.ActiveCfg = Debug|Any CPU
		{ADB49E73-0103-44A8-8BA0-D43A351D23C7}.Debug|Any CPU.Build.0 = Debug|Any CPU
		{ADB49E73-0103-44A8-8BA0-D43A351D23C7}.Release|Any CPU.ActiveCfg = Release|Any CPU
		{ADB49E73-0103-44A8-8BA0-D43A351D23C7}.Release|Any CPU.Build.0 = Release|Any CPU
		{6EACA7CE-0269-47A2-AE6A-3669738EE303}.Debug|Any CPU.ActiveCfg = Debug|Any CPU
		{6EACA7CE-0269-47A2-AE6A-3669738EE303}.Debug|Any CPU.Build.0 = Debug|Any CPU
		{6EACA7CE-0269-47A2-AE6A-3669738EE303}.Release|Any CPU.ActiveCfg = Release|Any CPU
		{6EACA7CE-0269-47A2-AE6A-3669738EE303}.Release|Any CPU.Build.0 = Release|Any CPU
		{5EC44477-9E8C-4425-8F3A-6648D0C38B9D}.Debug|Any CPU.ActiveCfg = Debug|Any CPU
		{5EC44477-9E8C-4425-8F3A-6648D0C38B9D}.Debug|Any CPU.Build.0 = Debug|Any CPU
		{5EC44477-9E8C-4425-8F3A-6648D0C38B9D}.Release|Any CPU.ActiveCfg = Release|Any CPU
		{5EC44477-9E8C-4425-8F3A-6648D0C38B9D}.Release|Any CPU.Build.0 = Release|Any CPU
		{A30F5B45-E04B-41D0-B304-ABC1755BF23A}.Debug|Any CPU.ActiveCfg = Debug|Any CPU
		{A30F5B45-E04B-41D0-B304-ABC1755BF23A}.Debug|Any CPU.Build.0 = Debug|Any CPU
		{A30F5B45-E04B-41D0-B304-ABC1755BF23A}.Release|Any CPU.ActiveCfg = Release|Any CPU
		{A30F5B45-E04B-41D0-B304-ABC1755BF23A}.Release|Any CPU.Build.0 = Release|Any CPU
		{F99E753E-C8C8-4753-BA95-E656AAE55786}.Debug|Any CPU.ActiveCfg = Debug|Any CPU
		{F99E753E-C8C8-4753-BA95-E656AAE55786}.Debug|Any CPU.Build.0 = Debug|Any CPU
		{F99E753E-C8C8-4753-BA95-E656AAE55786}.Release|Any CPU.ActiveCfg = Release|Any CPU
		{F99E753E-C8C8-4753-BA95-E656AAE55786}.Release|Any CPU.Build.0 = Release|Any CPU
		{408006C6-A8EB-43F8-9D0C-5A519DFF5873}.Debug|Any CPU.ActiveCfg = Debug|Any CPU
		{408006C6-A8EB-43F8-9D0C-5A519DFF5873}.Debug|Any CPU.Build.0 = Debug|Any CPU
		{408006C6-A8EB-43F8-9D0C-5A519DFF5873}.Release|Any CPU.ActiveCfg = Release|Any CPU
		{408006C6-A8EB-43F8-9D0C-5A519DFF5873}.Release|Any CPU.Build.0 = Release|Any CPU
		{685A7BF3-5C51-42EA-954F-1DEC176F9DFC}.Debug|Any CPU.ActiveCfg = Debug|Any CPU
		{685A7BF3-5C51-42EA-954F-1DEC176F9DFC}.Debug|Any CPU.Build.0 = Debug|Any CPU
		{685A7BF3-5C51-42EA-954F-1DEC176F9DFC}.Release|Any CPU.ActiveCfg = Release|Any CPU
		{685A7BF3-5C51-42EA-954F-1DEC176F9DFC}.Release|Any CPU.Build.0 = Release|Any CPU
		{38C67615-BE2E-461E-BBED-5217F6DC0AFE}.Debug|Any CPU.ActiveCfg = Debug|Any CPU
		{38C67615-BE2E-461E-BBED-5217F6DC0AFE}.Debug|Any CPU.Build.0 = Debug|Any CPU
		{38C67615-BE2E-461E-BBED-5217F6DC0AFE}.Release|Any CPU.ActiveCfg = Release|Any CPU
		{38C67615-BE2E-461E-BBED-5217F6DC0AFE}.Release|Any CPU.Build.0 = Release|Any CPU
		{A0809B1A-FF83-4DDF-9186-A9BD4D410FE8}.Debug|Any CPU.ActiveCfg = Debug|Any CPU
		{A0809B1A-FF83-4DDF-9186-A9BD4D410FE8}.Debug|Any CPU.Build.0 = Debug|Any CPU
		{A0809B1A-FF83-4DDF-9186-A9BD4D410FE8}.Release|Any CPU.ActiveCfg = Release|Any CPU
		{A0809B1A-FF83-4DDF-9186-A9BD4D410FE8}.Release|Any CPU.Build.0 = Release|Any CPU
		{4EC489C3-7846-4100-A871-4A6045CA41FF}.Debug|Any CPU.ActiveCfg = Debug|Any CPU
		{4EC489C3-7846-4100-A871-4A6045CA41FF}.Debug|Any CPU.Build.0 = Debug|Any CPU
		{4EC489C3-7846-4100-A871-4A6045CA41FF}.Release|Any CPU.ActiveCfg = Release|Any CPU
		{4EC489C3-7846-4100-A871-4A6045CA41FF}.Release|Any CPU.Build.0 = Release|Any CPU
		{78884141-5A63-4EAE-81A4-512FBD2195C5}.Debug|Any CPU.ActiveCfg = Debug|Any CPU
		{78884141-5A63-4EAE-81A4-512FBD2195C5}.Debug|Any CPU.Build.0 = Debug|Any CPU
		{78884141-5A63-4EAE-81A4-512FBD2195C5}.Release|Any CPU.ActiveCfg = Release|Any CPU
		{78884141-5A63-4EAE-81A4-512FBD2195C5}.Release|Any CPU.Build.0 = Release|Any CPU
		{B79EC630-2FAB-42B9-89BA-4886C1942E96}.Debug|Any CPU.ActiveCfg = Debug|Any CPU
		{B79EC630-2FAB-42B9-89BA-4886C1942E96}.Debug|Any CPU.Build.0 = Debug|Any CPU
		{B79EC630-2FAB-42B9-89BA-4886C1942E96}.Release|Any CPU.ActiveCfg = Release|Any CPU
		{B79EC630-2FAB-42B9-89BA-4886C1942E96}.Release|Any CPU.Build.0 = Release|Any CPU
		{4E2D9D8A-6E5A-4482-96F6-2544DE6611B9}.Debug|Any CPU.ActiveCfg = Debug|Any CPU
		{4E2D9D8A-6E5A-4482-96F6-2544DE6611B9}.Debug|Any CPU.Build.0 = Debug|Any CPU
		{4E2D9D8A-6E5A-4482-96F6-2544DE6611B9}.Release|Any CPU.ActiveCfg = Release|Any CPU
		{4E2D9D8A-6E5A-4482-96F6-2544DE6611B9}.Release|Any CPU.Build.0 = Release|Any CPU
		{E07110B3-2D56-474D-9668-7A4488774F33}.Debug|Any CPU.ActiveCfg = Debug|Any CPU
		{E07110B3-2D56-474D-9668-7A4488774F33}.Debug|Any CPU.Build.0 = Debug|Any CPU
		{E07110B3-2D56-474D-9668-7A4488774F33}.Release|Any CPU.ActiveCfg = Release|Any CPU
		{E07110B3-2D56-474D-9668-7A4488774F33}.Release|Any CPU.Build.0 = Release|Any CPU
		{69A43571-F70F-472C-9E03-48450476156B}.Debug|Any CPU.ActiveCfg = Debug|Any CPU
		{69A43571-F70F-472C-9E03-48450476156B}.Debug|Any CPU.Build.0 = Debug|Any CPU
		{69A43571-F70F-472C-9E03-48450476156B}.Release|Any CPU.ActiveCfg = Release|Any CPU
		{69A43571-F70F-472C-9E03-48450476156B}.Release|Any CPU.Build.0 = Release|Any CPU
		{CFF0A6C3-90AA-497E-98AC-4602A8595C78}.Debug|Any CPU.ActiveCfg = Debug|Any CPU
		{CFF0A6C3-90AA-497E-98AC-4602A8595C78}.Debug|Any CPU.Build.0 = Debug|Any CPU
		{CFF0A6C3-90AA-497E-98AC-4602A8595C78}.Release|Any CPU.ActiveCfg = Release|Any CPU
		{CFF0A6C3-90AA-497E-98AC-4602A8595C78}.Release|Any CPU.Build.0 = Release|Any CPU
		{337D3CF8-08C6-4453-AB76-2A16B2742292}.Debug|Any CPU.ActiveCfg = Debug|Any CPU
		{337D3CF8-08C6-4453-AB76-2A16B2742292}.Debug|Any CPU.Build.0 = Debug|Any CPU
		{337D3CF8-08C6-4453-AB76-2A16B2742292}.Release|Any CPU.ActiveCfg = Release|Any CPU
		{337D3CF8-08C6-4453-AB76-2A16B2742292}.Release|Any CPU.Build.0 = Release|Any CPU
		{9416F8F9-9675-4050-B78B-6D8930F780BE}.Debug|Any CPU.ActiveCfg = Debug|Any CPU
		{9416F8F9-9675-4050-B78B-6D8930F780BE}.Debug|Any CPU.Build.0 = Debug|Any CPU
		{9416F8F9-9675-4050-B78B-6D8930F780BE}.Release|Any CPU.ActiveCfg = Release|Any CPU
		{9416F8F9-9675-4050-B78B-6D8930F780BE}.Release|Any CPU.Build.0 = Release|Any CPU
		{55ED6439-B69D-4FCB-AF9C-5D790800C930}.Debug|Any CPU.ActiveCfg = Debug|Any CPU
		{55ED6439-B69D-4FCB-AF9C-5D790800C930}.Debug|Any CPU.Build.0 = Debug|Any CPU
		{55ED6439-B69D-4FCB-AF9C-5D790800C930}.Release|Any CPU.ActiveCfg = Release|Any CPU
		{55ED6439-B69D-4FCB-AF9C-5D790800C930}.Release|Any CPU.Build.0 = Release|Any CPU
		{D62C14AC-0D49-4CB5-901D-5847DFEEACB8}.Debug|Any CPU.ActiveCfg = Debug|Any CPU
		{D62C14AC-0D49-4CB5-901D-5847DFEEACB8}.Debug|Any CPU.Build.0 = Debug|Any CPU
		{D62C14AC-0D49-4CB5-901D-5847DFEEACB8}.Release|Any CPU.ActiveCfg = Release|Any CPU
		{D62C14AC-0D49-4CB5-901D-5847DFEEACB8}.Release|Any CPU.Build.0 = Release|Any CPU
		{AF06F5C5-8E05-4911-AEA7-583031AAE993}.Debug|Any CPU.ActiveCfg = Debug|Any CPU
		{AF06F5C5-8E05-4911-AEA7-583031AAE993}.Debug|Any CPU.Build.0 = Debug|Any CPU
		{AF06F5C5-8E05-4911-AEA7-583031AAE993}.Release|Any CPU.ActiveCfg = Release|Any CPU
		{AF06F5C5-8E05-4911-AEA7-583031AAE993}.Release|Any CPU.Build.0 = Release|Any CPU
		{43DCD61B-E735-442E-85F4-B5D5BE199DD2}.Debug|Any CPU.ActiveCfg = Debug|Any CPU
		{43DCD61B-E735-442E-85F4-B5D5BE199DD2}.Debug|Any CPU.Build.0 = Debug|Any CPU
		{43DCD61B-E735-442E-85F4-B5D5BE199DD2}.Release|Any CPU.ActiveCfg = Release|Any CPU
		{43DCD61B-E735-442E-85F4-B5D5BE199DD2}.Release|Any CPU.Build.0 = Release|Any CPU
		{0F5D95EF-F816-447A-B517-DD8E1DA6987F}.Debug|Any CPU.ActiveCfg = Debug|Any CPU
		{0F5D95EF-F816-447A-B517-DD8E1DA6987F}.Debug|Any CPU.Build.0 = Debug|Any CPU
		{0F5D95EF-F816-447A-B517-DD8E1DA6987F}.Release|Any CPU.ActiveCfg = Release|Any CPU
		{0F5D95EF-F816-447A-B517-DD8E1DA6987F}.Release|Any CPU.Build.0 = Release|Any CPU
		{766FDE83-5D42-4D6A-9E4D-241D259DD4BB}.Debug|Any CPU.ActiveCfg = Debug|Any CPU
		{766FDE83-5D42-4D6A-9E4D-241D259DD4BB}.Debug|Any CPU.Build.0 = Debug|Any CPU
		{766FDE83-5D42-4D6A-9E4D-241D259DD4BB}.Release|Any CPU.ActiveCfg = Release|Any CPU
		{766FDE83-5D42-4D6A-9E4D-241D259DD4BB}.Release|Any CPU.Build.0 = Release|Any CPU
		{7359993E-F2D2-4599-B861-F5136E48D8F3}.Debug|Any CPU.ActiveCfg = Debug|Any CPU
		{7359993E-F2D2-4599-B861-F5136E48D8F3}.Debug|Any CPU.Build.0 = Debug|Any CPU
		{7359993E-F2D2-4599-B861-F5136E48D8F3}.Release|Any CPU.ActiveCfg = Release|Any CPU
		{7359993E-F2D2-4599-B861-F5136E48D8F3}.Release|Any CPU.Build.0 = Release|Any CPU
		{84BC791D-31CD-4585-90FE-3A059F053F14}.Debug|Any CPU.ActiveCfg = Debug|Any CPU
		{84BC791D-31CD-4585-90FE-3A059F053F14}.Debug|Any CPU.Build.0 = Debug|Any CPU
		{84BC791D-31CD-4585-90FE-3A059F053F14}.Release|Any CPU.ActiveCfg = Release|Any CPU
		{84BC791D-31CD-4585-90FE-3A059F053F14}.Release|Any CPU.Build.0 = Release|Any CPU
		{740C5C88-7C14-4B3F-BD93-3AD8A7FCF687}.Debug|Any CPU.ActiveCfg = Debug|Any CPU
		{740C5C88-7C14-4B3F-BD93-3AD8A7FCF687}.Debug|Any CPU.Build.0 = Debug|Any CPU
		{740C5C88-7C14-4B3F-BD93-3AD8A7FCF687}.Release|Any CPU.ActiveCfg = Release|Any CPU
		{740C5C88-7C14-4B3F-BD93-3AD8A7FCF687}.Release|Any CPU.Build.0 = Release|Any CPU
		{375E166E-325A-4EBE-85FC-0D319E6784C0}.Debug|Any CPU.ActiveCfg = Debug|Any CPU
		{375E166E-325A-4EBE-85FC-0D319E6784C0}.Debug|Any CPU.Build.0 = Debug|Any CPU
		{375E166E-325A-4EBE-85FC-0D319E6784C0}.Release|Any CPU.ActiveCfg = Release|Any CPU
		{375E166E-325A-4EBE-85FC-0D319E6784C0}.Release|Any CPU.Build.0 = Release|Any CPU
		{37AFC401-F01C-4D4F-8129-7ECED0E67122}.Debug|Any CPU.ActiveCfg = Debug|Any CPU
		{37AFC401-F01C-4D4F-8129-7ECED0E67122}.Debug|Any CPU.Build.0 = Debug|Any CPU
		{37AFC401-F01C-4D4F-8129-7ECED0E67122}.Release|Any CPU.ActiveCfg = Release|Any CPU
		{37AFC401-F01C-4D4F-8129-7ECED0E67122}.Release|Any CPU.Build.0 = Release|Any CPU
		{290ACCC4-6F13-48EE-BAB7-79C0D2B7EC0E}.Debug|Any CPU.ActiveCfg = Debug|Any CPU
		{290ACCC4-6F13-48EE-BAB7-79C0D2B7EC0E}.Debug|Any CPU.Build.0 = Debug|Any CPU
		{290ACCC4-6F13-48EE-BAB7-79C0D2B7EC0E}.Release|Any CPU.ActiveCfg = Release|Any CPU
		{290ACCC4-6F13-48EE-BAB7-79C0D2B7EC0E}.Release|Any CPU.Build.0 = Release|Any CPU
		{45C5AEFF-26EE-4B4D-B758-C717B914351D}.Debug|Any CPU.ActiveCfg = Debug|Any CPU
		{45C5AEFF-26EE-4B4D-B758-C717B914351D}.Debug|Any CPU.Build.0 = Debug|Any CPU
		{45C5AEFF-26EE-4B4D-B758-C717B914351D}.Release|Any CPU.ActiveCfg = Release|Any CPU
		{45C5AEFF-26EE-4B4D-B758-C717B914351D}.Release|Any CPU.Build.0 = Release|Any CPU
	EndGlobalSection
	GlobalSection(SolutionProperties) = preSolution
		HideSolutionNode = FALSE
	EndGlobalSection
	GlobalSection(ExtensibilityGlobals) = postSolution
		SolutionGuid = {EB1406AD-3523-43AF-AE9B-F7BD4EAC2F12}
	EndGlobalSection
EndGlobal
